{
  "version": 4,
  "terraform_version": "1.4.6",
  "serial": 1,
  "lineage": "369ad215-bd52-d990-f2d3-143ffef0b4b1",
  "outputs": {},
  "resources": [
    {
      "mode": "managed",
      "type": "local_file",
      "name": "hello",
      "provider": "provider[\"registry.terraform.io/hashicorp/local\"]",
      "instances": [
        {
          "schema_version": 0,
          "attributes": {
            "content": "helloGod!",
            "content_base64": null,
            "content_base64sha256": "TTybSxwp1oVwgnkpFIzRKjwqS316Xs5B4EM3n4OQQ60=",
            "content_base64sha512": "0dR1Q0jd/dlVkD6IVGP6eaAEeQkdYYLSnqBClfLjW0Ls29X5FhU7E9akXzChJgvtl8qXgqEesy4GkTVUtBtI0g==",
            "content_md5": "7145aed25eccaee3cc20cd6489fd1e94",
            "content_sha1": "d6db71da662f55ec5a5001b2d5539093883445cc",
            "content_sha256": "4d3c9b4b1c29d68570827929148cd12a3c2a4b7d7a5ece41e043379f839043ad",
            "content_sha512": "d1d4754348ddfdd955903e885463fa79a00479091d6182d29ea04295f2e35b42ecdbd5f916153b13d6a45f30a1260bed97ca9782a11eb32e06913554b41b48d2",
            "directory_permission": "0777",
            "file_permission": "0777",
            "filename": "/tmp/hello123.txt",
            "id": "d6db71da662f55ec5a5001b2d5539093883445cc",
            "sensitive_content": null,
            "source": null
          },
          "sensitive_attributes": []
        }
      ]
    }
  ],
  "check_results": null
}
